
Microsoft Visual Studio Solution File, Format Version 12.00
# Visual Studio 14
VisualStudioVersion = 14.0.24720.0
MinimumVisualStudioVersion = 10.0.40219.1
Project("{8BC9CEB8-8B4A-11D0-8D11-00A0C91BC942}") = "SimulationConsole", "SimulationConsole\SimulationConsole.vcxproj", "{5FFC01CB-DEDF-435C-A4FD-DAD9EEBAB02E}"
EndProject
Project("{8BC9CEB8-8B4A-11D0-8D11-00A0C91BC942}") = "SimulationDLL", "SimulationDLL\SimulationDLL.vcxproj", "{7743794C-1618-4671-88D7-769E12E79CA4}"
EndProject
Project("{8BC9CEB8-8B4A-11D0-8D11-00A0C91BC942}") = "UnitTestProject", "UnitTestProject\UnitTestProject.vcxproj", "{B2BD6E17-4987-4007-BA87-B47EB378B1A5}"
EndProject
Global
	GlobalSection(SolutionConfigurationPlatforms) = preSolution
		Debug|ARM = Debug|ARM
		Debug|x64 = Debug|x64
		Debug|x86 = Debug|x86
		Release|ARM = Release|ARM
		Release|x64 = Release|x64
		Release|x86 = Release|x86
	EndGlobalSection
	GlobalSection(ProjectConfigurationPlatforms) = postSolution
		{5FFC01CB-DEDF-435C-A4FD-DAD9EEBAB02E}.Debug|ARM.ActiveCfg = Debug|Win32
		{5FFC01CB-DEDF-435C-A4FD-DAD9EEBAB02E}.Debug|x64.ActiveCfg = Debug|x64
		{5FFC01CB-DEDF-435C-A4FD-DAD9EEBAB02E}.Debug|x64.Build.0 = Debug|x64
		{5FFC01CB-DEDF-435C-A4FD-DAD9EEBAB02E}.Debug|x86.ActiveCfg = Debug|Win32
		{5FFC01CB-DEDF-435C-A4FD-DAD9EEBAB02E}.Debug|x86.Build.0 = Debug|Win32
		{5FFC01CB-DEDF-435C-A4FD-DAD9EEBAB02E}.Release|ARM.ActiveCfg = Release|Win32
		{5FFC01CB-DEDF-435C-A4FD-DAD9EEBAB02E}.Release|x64.ActiveCfg = Release|x64
		{5FFC01CB-DEDF-435C-A4FD-DAD9EEBAB02E}.Release|x64.Build.0 = Release|x64
		{5FFC01CB-DEDF-435C-A4FD-DAD9EEBAB02E}.Release|x86.ActiveCfg = Release|Win32
		{5FFC01CB-DEDF-435C-A4FD-DAD9EEBAB02E}.Release|x86.Build.0 = Release|Win32
		{7743794C-1618-4671-88D7-769E12E79CA4}.Debug|ARM.ActiveCfg = Debug|Win32
		{7743794C-1618-4671-88D7-769E12E79CA4}.Debug|x64.ActiveCfg = Debug|x64
		{7743794C-1618-4671-88D7-769E12E79CA4}.Debug|x64.Build.0 = Debug|x64
		{7743794C-1618-4671-88D7-769E12E79CA4}.Debug|x86.ActiveCfg = Debug|Win32
		{7743794C-1618-4671-88D7-769E12E79CA4}.Debug|x86.Build.0 = Debug|Win32
		{7743794C-1618-4671-88D7-769E12E79CA4}.Release|ARM.ActiveCfg = Release|Win32
		{7743794C-1618-4671-88D7-769E12E79CA4}.Release|x64.ActiveCfg = Release|x64
		{7743794C-1618-4671-88D7-769E12E79CA4}.Release|x64.Build.0 = Release|x64
		{7743794C-1618-4671-88D7-769E12E79CA4}.Release|x86.ActiveCfg = Release|Win32
		{7743794C-1618-4671-88D7-769E12E79CA4}.Release|x86.Build.0 = Release|Win32
		{B2BD6E17-4987-4007-BA87-B47EB378B1A5}.Debug|ARM.ActiveCfg = Debug|Win32
		{B2BD6E17-4987-4007-BA87-B47EB378B1A5}.Debug|x64.ActiveCfg = Debug|x64
		{B2BD6E17-4987-4007-BA87-B47EB378B1A5}.Debug|x64.Build.0 = Debug|x64
		{B2BD6E17-4987-4007-BA87-B47EB378B1A5}.Debug|x64.Deploy.0 = Debug|x64
		{B2BD6E17-4987-4007-BA87-B47EB378B1A5}.Debug|x86.ActiveCfg = Debug|Win32
		{B2BD6E17-4987-4007-BA87-B47EB378B1A5}.Debug|x86.Build.0 = Debug|Win32
		{B2BD6E17-4987-4007-BA87-B47EB378B1A5}.Release|ARM.ActiveCfg = Release|Win32
		{B2BD6E17-4987-4007-BA87-B47EB378B1A5}.Release|x64.ActiveCfg = Release|x64
		{B2BD6E17-4987-4007-BA87-B47EB378B1A5}.Release|x64.Build.0 = Release|x64
		{B2BD6E17-4987-4007-BA87-B47EB378B1A5}.Release|x86.ActiveCfg = Release|Win32
		{B2BD6E17-4987-4007-BA87-B47EB378B1A5}.Release|x86.Build.0 = Release|Win32
	EndGlobalSection
	GlobalSection(SolutionProperties) = preSolution
		HideSolutionNode = FALSE
	EndGlobalSection
EndGlobal
